{
  "lockfile-version": 1,
  "manifest": {
    "schema-version": "1.12.0",
    "install": {
      "aider-chat": {
        "pkg-path": "aider-chat"
      },
      "bash": {
        "pkg-path": "bash"
      },
      "claude-code": {
        "pkg-path": "flox/claude-code",
        "pkg-group": "claude-code"
      },
      "codex": {
        "pkg-path": "flox/codex",
        "pkg-group": "codex"
      },
      "crush": {
        "pkg-path": "flox/crush",
        "pkg-group": "crush"
      },
      "deepseek-tui": {
        "pkg-path": "flox/deepseek-tui",
        "pkg-group": "deepseek-tui"
      },
      "flox-mcp-server": {
        "pkg-path": "flox/flox-mcp-server",
        "pkg-group": "flox-mcp-server"
      },
      "gawk": {
        "pkg-path": "gawk"
      },
      "gemini-cli": {
        "pkg-path": "flox/gemini-cli",
        "pkg-group": "gemini-cli"
      },
      "git": {
        "pkg-path": "git"
      },
      "gnused": {
        "pkg-path": "gnused"
      },
      "gum": {
        "pkg-path": "gum"
      },
      "hermes-agent": {
        "pkg-path": "flox/hermes-agent",
        "pkg-group": "hermes-agent"
      },
      "jq": {
        "pkg-path": "jq"
      },
      "llamacpp-proxy": {
        "pkg-path": "flox-labs/llamacpp-proxy",
        "pkg-group": "llamacpp-proxy"
      },
      "omlx": {
        "pkg-path": "flox/omlx",
        "pkg-group": "omlx",
        "priority": 6,
        "systems": [
          "aarch64-darwin"
        ]
      },
      "opencode": {
        "pkg-path": "flox/opencode",
        "pkg-group": "opencode"
      }
    },
    "hook": {
      "on-activate": "# Publish the service's bind address (OMLX_HOST / OMLX_PORT) and admin key\n# (OMLX_API_KEY) so consumers and interactive shells can reach it.\n# Override any value at runtime by writing to:\n#   $FLOX_ENV_CACHE/omlx.host       e.g. \"0.0.0.0\"\n#   $FLOX_ENV_CACHE/omlx.port       e.g. \"9001\"\n#   $FLOX_ENV_CACHE/omlx.api-key    enables admin endpoints when set\nexport OMLX_HOST=\"$(cat \"$FLOX_ENV_CACHE/omlx.host\" 2>/dev/null || echo 127.0.0.1)\"\nexport OMLX_PORT=\"$(cat \"$FLOX_ENV_CACHE/omlx.port\" 2>/dev/null || echo 8000)\"\nexport OMLX_API_KEY=\"$(cat \"$FLOX_ENV_CACHE/omlx.api-key\" 2>/dev/null || true)\"\n\n  export OLLAMA_HOST=\"${OLLAMA_HOST:-127.0.0.1}\"\n  export OLLAMA_PORT=\"${OLLAMA_PORT:-11434}\"\n  export OPENAI_API_BASE=\"${OPENAI_API_BASE:-http://127.0.0.1:11434/v1}\"\n  export OPENAI_API_KEY=\"${OPENAI_API_KEY:-ollama}\"\n  export OMLX_HOST=\"${OMLX_HOST:-127.0.0.1}\"\n  export OMLX_PORT=\"${OMLX_PORT:-8000}\"\n  export LLAMACPP_PROXY_OLLAMA_LISTEN=\"${LLAMACPP_PROXY_OLLAMA_LISTEN:-127.0.0.1:8081}\"\n  export LLAMACPP_PROXY_GEMINI_OLLAMA_LISTEN=\"${LLAMACPP_PROXY_GEMINI_OLLAMA_LISTEN:-127.0.0.1:8082}\"\n  export LLAMACPP_PROXY_OMLX_LISTEN=\"${LLAMACPP_PROXY_OMLX_LISTEN:-127.0.0.1:8083}\"\n  export LLAMACPP_PROXY_GEMINI_OMLX_LISTEN=\"${LLAMACPP_PROXY_GEMINI_OMLX_LISTEN:-127.0.0.1:8084}\"\n"
    },
    "profile": {
      "common": "  export PATH=\"$FLOX_ENV_PROJECT/bin:$PATH\"\n"
    },
    "options": {
      "systems": [
        "aarch64-darwin"
      ]
    },
    "services": {
      "llamacpp-proxy-ollama": {
        "command": "  if [[ \"$(uname -s)\" == \"Darwin\" && \"$(uname -m)\" != \"arm64\" ]]; then\n    echo \"llamacpp-proxy not supported on Intel Mac\" >&2; exit 1\n  fi\n  _ollama=\"${OLLAMA_HOST:-127.0.0.1}:${OLLAMA_PORT:-11434}\"\n  if ! curl -sf --connect-timeout 3 --max-time 5 \"http://${_ollama}/\" >/dev/null 2>&1; then\n    echo \"ollama is not reachable at ${_ollama} — start ollama before this service\" >&2; exit 1\n  fi\n  model=\"$(cat \"${FLOX_ENV_CACHE}/llamacpp-proxy-ollama.model\" 2>/dev/null || true)\"\n  [[ -z \"$model\" ]] && model=\"default\"\n  exec llamacpp-proxy \\\n    --listen \"${LLAMACPP_PROXY_OLLAMA_LISTEN:-127.0.0.1:8081}\" \\\n    --backend \"${OLLAMA_HOST:-127.0.0.1}:${OLLAMA_PORT:-11434}\" \\\n    --backend-model \"$model\" \\\n    --gemini-listen \"${LLAMACPP_PROXY_GEMINI_OLLAMA_LISTEN:-127.0.0.1:8082}\"\n"
      },
      "llamacpp-proxy-omlx": {
        "command": "  if [[ \"$(uname -s)\" == \"Darwin\" && \"$(uname -m)\" != \"arm64\" ]]; then\n    echo \"llamacpp-proxy not supported on Intel Mac\" >&2; exit 1\n  fi\n  # Read key from omlx's own settings file (authoritative source)\n  _api_key=\"$(jq -r '.auth.api_key // empty' \"$HOME/.omlx/settings.json\" 2>/dev/null || true)\"\n  if [[ -z \"$_api_key\" ]]; then\n    echo \"Error: omlx API key not found in ~/.omlx/settings.json — is omlx running?\" >&2; exit 1\n  fi\n  model=\"$(cat \"${FLOX_ENV_CACHE}/llamacpp-proxy-omlx.model\" 2>/dev/null || true)\"\n  [[ -z \"$model\" ]] && model=\"default\"\n  exec llamacpp-proxy \\\n    --listen \"${LLAMACPP_PROXY_OMLX_LISTEN:-127.0.0.1:8083}\" \\\n    --backend \"${OMLX_HOST:-127.0.0.1}:${OMLX_PORT:-8000}\" \\\n    --backend-api-key \"$_api_key\" \\\n    --backend-model \"$model\" \\\n    --gemini-listen \"${LLAMACPP_PROXY_GEMINI_OMLX_LISTEN:-127.0.0.1:8084}\"\n"
      },
      "omlx": {
        "command": "host=\"$(cat \"$FLOX_ENV_CACHE/omlx.host\" 2>/dev/null || echo 127.0.0.1)\"\nport=\"$(cat \"$FLOX_ENV_CACHE/omlx.port\" 2>/dev/null || echo 8000)\"\nkey=\"$(cat \"$FLOX_ENV_CACHE/omlx.api-key\" 2>/dev/null || true)\"\nif [ -n \"$key\" ]; then\n  exec omlx serve --host \"$host\" --port \"$port\" --api-key \"$key\"\nelse\n  exec omlx serve --host \"$host\" --port \"$port\"\nfi\n"
      }
    }
  },
  "packages": [
    {
      "attr_path": "claude-code",
      "broken": false,
      "derivation": "/nix/store/idmnd5ggljw41hjymcyp9kgm36qxfa8s-claude-code-2.1.160.drv",
      "description": "Agentic coding tool from Anthropic",
      "install_id": "claude-code",
      "license": "Unfree",
      "locked_url": "https://github.com/flox/floxenvs?rev=590bf7840f34d09717966bb31033f299ae870367",
      "name": "claude-code-2.1.160",
      "pname": "claude-code",
      "rev": "590bf7840f34d09717966bb31033f299ae870367",
      "rev_count": 5620,
      "rev_date": "2026-06-02T12:31:19Z",
      "scrape_date": "2026-06-03T00:07:35.484797574Z",
      "stabilities": [
        "staging",
        "unstable"
      ],
      "unfree": true,
      "version": "2.1.160",
      "outputs_to_install": [
        "out"
      ],
      "outputs": {
        "out": "/nix/store/xjrw5k9a3m48yqw6pax79bdycag3q1bb-claude-code-2.1.160"
      },
      "system": "aarch64-darwin",
      "group": "claude-code",
      "priority": 5
    },
    {
      "attr_path": "codex",
      "broken": false,
      "derivation": "/nix/store/x4dkr5avzr31g1kyyin1h7fhp5lfy1bc-codex-0.136.0.drv",
      "description": "OpenAI Codex CLI - a coding agent that runs locally",
      "install_id": "codex",
      "license": "Apache-2.0",
      "locked_url": "https://github.com/flox/floxenvs?rev=d58ac51aed2bfb9c25e2c2df6391b9081a16b2bb",
      "name": "codex-0.136.0",
      "pname": "codex",
      "rev": "d58ac51aed2bfb9c25e2c2df6391b9081a16b2bb",
      "rev_count": 5602,
      "rev_date": "2026-06-02T02:04:27Z",
      "scrape_date": "2026-06-03T00:07:35.484804304Z",
      "stabilities": [
        "staging",
        "unstable"
      ],
      "unfree": false,
      "version": "0.136.0",
      "outputs_to_install": [
        "out"
      ],
      "outputs": {
        "out": "/nix/store/7drd0s0y12568is4kqynsardkilaj2xy-codex-0.136.0"
      },
      "system": "aarch64-darwin",
      "group": "codex",
      "priority": 5
    },
    {
      "attr_path": "crush",
      "broken": false,
      "derivation": "/nix/store/9081ynb7l162x1k6chpas7xpl7qz1c1j-crush-0.66.0.drv",
      "description": "Glamourous AI coding agent for your favourite terminal",
      "install_id": "crush",
      "license": "FSL-1.1-MIT",
      "locked_url": "https://github.com/flox/floxenvs?rev=ec0dd4c37eabe9042c0d7dccbe550d407b51a28b",
      "name": "crush-0.66.0",
      "pname": "crush",
      "rev": "ec0dd4c37eabe9042c0d7dccbe550d407b51a28b",
      "rev_count": 3677,
      "rev_date": "2026-05-20T12:30:23Z",
      "scrape_date": "2026-06-03T00:07:35.484808871Z",
      "stabilities": [
        "staging",
        "unstable"
      ],
      "unfree": true,
      "version": "0.66.0",
      "outputs_to_install": [
        "out"
      ],
      "outputs": {
        "out": "/nix/store/0kkf6pd3yc7v6jy4cff9nss06v88bzrn-crush-0.66.0"
      },
      "system": "aarch64-darwin",
      "group": "crush",
      "priority": 5
    },
    {
      "attr_path": "deepseek-tui",
      "broken": false,
      "derivation": "/nix/store/x7w0waf37fc4xrc6cz4xihxam5jng407-deepseek-tui-0.8.40.drv",
      "description": "Coding agent for DeepSeek models that runs in your terminal",
      "install_id": "deepseek-tui",
      "license": "MIT",
      "locked_url": "https://github.com/flox/floxenvs?rev=862ee3f3913627276fe0139e5bebfc1dfeb459fc",
      "name": "deepseek-tui-0.8.40",
      "pname": "deepseek-tui",
      "rev": "862ee3f3913627276fe0139e5bebfc1dfeb459fc",
      "rev_count": 3793,
      "rev_date": "2026-05-21T07:45:06Z",
      "scrape_date": "2026-06-03T00:07:35.484813939Z",
      "stabilities": [
        "staging",
        "unstable"
      ],
      "unfree": false,
      "version": "0.8.40",
      "outputs_to_install": [
        "out"
      ],
      "outputs": {
        "out": "/nix/store/l305z062xzbnafkp52dn68qc0x5z5l3l-deepseek-tui-0.8.40"
      },
      "system": "aarch64-darwin",
      "group": "deepseek-tui",
      "priority": 5
    },
    {
      "attr_path": "gemini-cli",
      "broken": false,
      "derivation": "/nix/store/dlm2dm42k780q0jam47rmjhnzkav2f9d-gemini-cli-0.43.0.drv",
      "description": "AI agent that brings Gemini directly into your terminal",
      "install_id": "gemini-cli",
      "license": "Apache-2.0",
      "locked_url": "https://github.com/flox/floxenvs?rev=e7d9eb11648f4a9a8aa4a5270776538cda9098ea",
      "name": "gemini-cli-0.43.0",
      "pname": "gemini-cli",
      "rev": "e7d9eb11648f4a9a8aa4a5270776538cda9098ea",
      "rev_count": 3849,
      "rev_date": "2026-05-22T07:36:53Z",
      "scrape_date": "2026-06-03T00:07:35.484819507Z",
      "stabilities": [
        "staging",
        "unstable"
      ],
      "unfree": false,
      "version": "0.43.0",
      "outputs_to_install": [
        "out"
      ],
      "outputs": {
        "out": "/nix/store/281gjdvc0qwf94w03mnvwvkkprafwcdw-gemini-cli-0.43.0"
      },
      "system": "aarch64-darwin",
      "group": "gemini-cli",
      "priority": 5
    },
    {
      "attr_path": "hermes-agent",
      "broken": false,
      "derivation": "/nix/store/b51ypqkqly0zl0nmdw8r3ky9irsksqd0-hermes-agent-env.drv",
      "description": "Self-improving AI agent from Nous Research",
      "install_id": "hermes-agent",
      "license": "MIT",
      "locked_url": "https://github.com/flox/floxenvs?rev=8d54efb765aaf72fa18c0aeb2df87b96e2e97284",
      "name": "hermes-agent-env",
      "pname": "hermes-agent",
      "rev": "8d54efb765aaf72fa18c0aeb2df87b96e2e97284",
      "rev_count": 4925,
      "rev_date": "2026-05-29T14:05:34Z",
      "scrape_date": "2026-06-03T00:07:35.484824775Z",
      "stabilities": [
        "staging",
        "unstable"
      ],
      "unfree": false,
      "version": "2026.5.29.2",
      "outputs_to_install": [
        "out"
      ],
      "outputs": {
        "out": "/nix/store/99fx5njwsqmzzzqqi5m4cqq8319kn7km-hermes-agent-env"
      },
      "system": "aarch64-darwin",
      "group": "hermes-agent",
      "priority": 5
    },
    {
      "attr_path": "llamacpp-proxy",
      "broken": false,
      "derivation": "/nix/store/pcfrqgzxmdxiywgyf922g23kg5p4wnv1-llamacpp-proxy-0.4.3.drv",
      "description": "Unified API translation proxy for llama-server coding-agent harness compatibility",
      "install_id": "llamacpp-proxy",
      "license": "[ MIT, Apache-2.0 ]",
      "locked_url": "ssh://git@github.com/flox/llamacpp-proxy?rev=0de024c89b44dea045ea89b4a7ebe970f0b2cacf",
      "name": "llamacpp-proxy-0.4.3",
      "pname": "llamacpp-proxy",
      "rev": "0de024c89b44dea045ea89b4a7ebe970f0b2cacf",
      "rev_count": 4,
      "rev_date": "2026-06-02T22:48:38Z",
      "scrape_date": "2026-06-03T00:07:35.484829212Z",
      "stabilities": [
        "stable",
        "staging",
        "unstable"
      ],
      "unfree": false,
      "version": "0.4.3",
      "outputs_to_install": [
        "out"
      ],
      "outputs": {
        "out": "/nix/store/73v84z4ffccnv1k593hpha4bvgb0cigx-llamacpp-proxy-0.4.3"
      },
      "system": "aarch64-darwin",
      "group": "llamacpp-proxy",
      "priority": 5
    },
    {
      "attr_path": "omlx",
      "broken": false,
      "derivation": "/nix/store/sw09nia2nbwa7ja8z6jkw6mfndkbjhg4-omlx-env.drv",
      "description": "LLM inference server, optimized for your Mac",
      "install_id": "omlx",
      "license": "Apache-2.0",
      "locked_url": "https://github.com/flox/floxenvs?rev=1eaf3f2ae806528d7cdb4f54ee0d933b1b51e57d",
      "name": "omlx-env",
      "pname": "omlx",
      "rev": "1eaf3f2ae806528d7cdb4f54ee0d933b1b51e57d",
      "rev_count": 6005,
      "rev_date": "2026-06-03T20:56:18Z",
      "scrape_date": "2026-06-04T19:48:56.865695Z",
      "stabilities": [
        "staging",
        "unstable"
      ],
      "unfree": false,
      "version": "0.4.1",
      "outputs_to_install": [
        "out"
      ],
      "outputs": {
        "out": "/nix/store/wl79vs3bi126fxnawpc1lwvzyrl7xwjv-omlx-env"
      },
      "system": "aarch64-darwin",
      "group": "omlx",
      "priority": 6
    },
    {
      "attr_path": "opencode",
      "broken": false,
      "derivation": "/nix/store/0gnwn5hq6ziikc1h4i5ydvk4q0bpw8f6-opencode-1.15.13.drv",
      "description": "AI coding agent built for the terminal",
      "install_id": "opencode",
      "license": "MIT",
      "locked_url": "https://github.com/flox/floxenvs?rev=55ae1ca7e6566adaebc535467e2dc408f157e9af",
      "name": "opencode-1.15.13",
      "pname": "opencode",
      "rev": "55ae1ca7e6566adaebc535467e2dc408f157e9af",
      "rev_count": 5177,
      "rev_date": "2026-05-31T01:31:23Z",
      "scrape_date": "2026-06-03T00:07:35.484834590Z",
      "stabilities": [
        "staging",
        "unstable"
      ],
      "unfree": false,
      "version": "1.15.13",
      "outputs_to_install": [
        "out"
      ],
      "outputs": {
        "out": "/nix/store/94srxxl5z8aqqxl8gsn8qqijdfzkjb6r-opencode-1.15.13"
      },
      "system": "aarch64-darwin",
      "group": "opencode",
      "priority": 5
    },
    {
      "attr_path": "aider-chat",
      "broken": false,
      "derivation": "/nix/store/nwhvs1g8jsr7v9fmnndg4j0r1qzmnazc-aider-chat-0.86.1.drv",
      "description": "AI pair programming in your terminal",
      "install_id": "aider-chat",
      "license": "Apache-2.0",
      "locked_url": "https://github.com/flox/nixpkgs?rev=c0b0e0fddf73fd517c3471e546c0df87a42d53f4",
      "name": "aider-chat-0.86.1",
      "pname": "aider-chat",
      "rev": "c0b0e0fddf73fd517c3471e546c0df87a42d53f4",
      "rev_count": 917670,
      "rev_date": "2025-12-28T06:08:05Z",
      "scrape_date": "2025-12-29T03:02:37.946791Z",
      "stabilities": [
        "unstable"
      ],
      "unfree": false,
      "version": "0.86.1",
      "outputs_to_install": [
        "out"
      ],
      "outputs": {
        "dist": "/nix/store/ggawv7ii6rwnss23sdgp72yp16v0xq6q-aider-chat-0.86.1-dist",
        "out": "/nix/store/4jbi440jk1a78d3sn1gcpflhjdc86l3c-aider-chat-0.86.1"
      },
      "system": "aarch64-darwin",
      "group": "toplevel",
      "priority": 5
    },
    {
      "attr_path": "bash",
      "broken": false,
      "derivation": "/nix/store/sm2xd0zfpvh1s3x7dd63b4j119605n2n-bash-interactive-5.3p3.drv",
      "description": "GNU Bourne-Again Shell, the de facto standard shell on Linux (for interactive use)",
      "install_id": "bash",
      "license": "GPL-3.0-or-later",
      "locked_url": "https://github.com/flox/nixpkgs?rev=c0b0e0fddf73fd517c3471e546c0df87a42d53f4",
      "name": "bash-interactive-5.3p3",
      "pname": "bash",
      "rev": "c0b0e0fddf73fd517c3471e546c0df87a42d53f4",
      "rev_count": 917670,
      "rev_date": "2025-12-28T06:08:05Z",
      "scrape_date": "2025-12-29T03:02:38.103547Z",
      "stabilities": [
        "unstable"
      ],
      "unfree": false,
      "version": "5.3p3",
      "outputs_to_install": [
        "man",
        "out",
        "out",
        "out",
        "out",
        "out",
        "out",
        "out",
        "out",
        "out",
        "out",
        "out",
        "out",
        "out",
        "out"
      ],
      "outputs": {
        "dev": "/nix/store/prcikkrybb0j153hs3zxxr68bnl93xnk-bash-interactive-5.3p3-dev",
        "doc": "/nix/store/z39gmnx77kz7lm9aqnsmx24cqizfnyny-bash-interactive-5.3p3-doc",
        "info": "/nix/store/lp1n00k3h8h24hx2dbqal6vsf0wr72s8-bash-interactive-5.3p3-info",
        "man": "/nix/store/bpfvd3cm30f37idj5zjr46jnich3swx1-bash-interactive-5.3p3-man",
        "out": "/nix/store/19zw2r9dl44wk3j5ncwsk743zr9fc584-bash-interactive-5.3p3"
      },
      "system": "aarch64-darwin",
      "group": "toplevel",
      "priority": 5
    },
    {
      "attr_path": "gawk",
      "broken": false,
      "derivation": "/nix/store/nl21x6jrbzh4gxwqfz77bcjk4ddasqpv-gawk-5.3.2.drv",
      "description": "GNU implementation of the Awk programming language",
      "install_id": "gawk",
      "license": "GPL-3.0-or-later",
      "locked_url": "https://github.com/flox/nixpkgs?rev=c0b0e0fddf73fd517c3471e546c0df87a42d53f4",
      "name": "gawk-5.3.2",
      "pname": "gawk",
      "rev": "c0b0e0fddf73fd517c3471e546c0df87a42d53f4",
      "rev_count": 917670,
      "rev_date": "2025-12-28T06:08:05Z",
      "scrape_date": "2025-12-29T03:02:39.087532Z",
      "stabilities": [
        "unstable"
      ],
      "unfree": false,
      "version": "5.3.2",
      "outputs_to_install": [
        "man",
        "out",
        "out",
        "out"
      ],
      "outputs": {
        "info": "/nix/store/5awnprjaxr0h8l7p9216ca7hnd94mvsr-gawk-5.3.2-info",
        "man": "/nix/store/fmqc0z22mkm3lsp53yyj30wlgyfpvg90-gawk-5.3.2-man",
        "out": "/nix/store/wk6hmvlw0d7xi36c1sy5lljakzwj0r3x-gawk-5.3.2"
      },
      "system": "aarch64-darwin",
      "group": "toplevel",
      "priority": 5
    },
    {
      "attr_path": "git",
      "broken": false,
      "derivation": "/nix/store/slg4pl4az46dkgs0nrikw07a54g4nld5-git-2.51.2.drv",
      "description": "Distributed version control system",
      "install_id": "git",
      "license": "GPL-2.0",
      "locked_url": "https://github.com/flox/nixpkgs?rev=c0b0e0fddf73fd517c3471e546c0df87a42d53f4",
      "name": "git-2.51.2",
      "pname": "git",
      "rev": "c0b0e0fddf73fd517c3471e546c0df87a42d53f4",
      "rev_count": 917670,
      "rev_date": "2025-12-28T06:08:05Z",
      "scrape_date": "2025-12-29T03:02:39.175805Z",
      "stabilities": [
        "unstable"
      ],
      "unfree": false,
      "version": "2.51.2",
      "outputs_to_install": [
        "out"
      ],
      "outputs": {
        "doc": "/nix/store/6wnscv0364r6430qmx33nn927dlw2vnf-git-2.51.2-doc",
        "out": "/nix/store/x34bh6s6ighg7lb74nkjbx3nx52zj0j9-git-2.51.2"
      },
      "system": "aarch64-darwin",
      "group": "toplevel",
      "priority": 5
    },
    {
      "attr_path": "gnused",
      "broken": false,
      "derivation": "/nix/store/b0micsrnahab7nyz2bhn0yp3j4pzy2zz-gnused-4.9.drv",
      "description": "GNU sed, a batch stream editor",
      "install_id": "gnused",
      "license": "GPL-3.0-or-later",
      "locked_url": "https://github.com/flox/nixpkgs?rev=c0b0e0fddf73fd517c3471e546c0df87a42d53f4",
      "name": "gnused-4.9",
      "pname": "gnused",
      "rev": "c0b0e0fddf73fd517c3471e546c0df87a42d53f4",
      "rev_count": 917670,
      "rev_date": "2025-12-28T06:08:05Z",
      "scrape_date": "2025-12-29T03:02:39.287653Z",
      "stabilities": [
        "unstable"
      ],
      "unfree": false,
      "version": "4.9",
      "outputs_to_install": [
        "out",
        "out",
        "out",
        "out"
      ],
      "outputs": {
        "info": "/nix/store/nwbb6v11d385qkvh1f320jw28vpzjv4h-gnused-4.9-info",
        "out": "/nix/store/ipgh18959gxm39fhy7b9db4cn6vl0p0j-gnused-4.9"
      },
      "system": "aarch64-darwin",
      "group": "toplevel",
      "priority": 5
    },
    {
      "attr_path": "gum",
      "broken": false,
      "derivation": "/nix/store/ldsrxs83p7q0bq06rwhz20gfmzc0vy3p-gum-0.17.0.drv",
      "description": "Tasty Bubble Gum for your shell",
      "install_id": "gum",
      "license": "MIT",
      "locked_url": "https://github.com/flox/nixpkgs?rev=c0b0e0fddf73fd517c3471e546c0df87a42d53f4",
      "name": "gum-0.17.0",
      "pname": "gum",
      "rev": "c0b0e0fddf73fd517c3471e546c0df87a42d53f4",
      "rev_count": 917670,
      "rev_date": "2025-12-28T06:08:05Z",
      "scrape_date": "2025-12-29T03:02:39.513992Z",
      "stabilities": [
        "unstable"
      ],
      "unfree": false,
      "version": "0.17.0",
      "outputs_to_install": [
        "out"
      ],
      "outputs": {
        "out": "/nix/store/rpj06p0p66g1644iph4hz5bc2pb881mc-gum-0.17.0"
      },
      "system": "aarch64-darwin",
      "group": "toplevel",
      "priority": 5
    },
    {
      "attr_path": "jq",
      "broken": false,
      "derivation": "/nix/store/1gkafk3car5my1nx4bimbr1663kbardl-jq-1.8.1.drv",
      "description": "Lightweight and flexible command-line JSON processor",
      "install_id": "jq",
      "license": "MIT",
      "locked_url": "https://github.com/flox/nixpkgs?rev=c0b0e0fddf73fd517c3471e546c0df87a42d53f4",
      "name": "jq-1.8.1",
      "pname": "jq",
      "rev": "c0b0e0fddf73fd517c3471e546c0df87a42d53f4",
      "rev_count": 917670,
      "rev_date": "2025-12-28T06:08:05Z",
      "scrape_date": "2025-12-29T03:02:53.262801Z",
      "stabilities": [
        "unstable"
      ],
      "unfree": false,
      "version": "1.8.1",
      "outputs_to_install": [
        "bin",
        "bin",
        "bin",
        "man"
      ],
      "outputs": {
        "bin": "/nix/store/4hy1mm43nvmjpnyfsa80csbsg4wd8691-jq-1.8.1-bin",
        "dev": "/nix/store/1l5dl9d9mcpm7i0r5bhb23xczlfd2i0i-jq-1.8.1-dev",
        "doc": "/nix/store/baidiqpr2sqdv59asy5a3gajpfn8sqig-jq-1.8.1-doc",
        "man": "/nix/store/054063ybv64v877qmqd55pl68hri679w-jq-1.8.1-man",
        "out": "/nix/store/an0a5rm99xsaj4pqfnlwsnc288rb4chm-jq-1.8.1"
      },
      "system": "aarch64-darwin",
      "group": "toplevel",
      "priority": 5
    },
    {
      "attr_path": "flox-mcp-server",
      "broken": false,
      "derivation": "/nix/store/xqxwlh8kh7jl51n2b04bqb5xgcwl2g42-flox-mcp-server-0.2.2.drv",
      "description": "MCP server for Flox package manager",
      "install_id": "flox-mcp-server",
      "license": "MIT",
      "locked_url": "ssh://git@github.com/flox/mcp-server.git?rev=e727f1b0f40c70b0335091e1a876e582abcccb5a",
      "name": "flox-mcp-server-0.2.2",
      "pname": "flox-mcp-server",
      "rev": "e727f1b0f40c70b0335091e1a876e582abcccb5a",
      "rev_count": 32,
      "rev_date": "2026-04-20T17:03:53Z",
      "scrape_date": "2026-06-05T14:32:01.899270Z",
      "stabilities": [
        "staging",
        "unstable"
      ],
      "unfree": false,
      "version": "0.2.2",
      "outputs_to_install": [
        "out"
      ],
      "outputs": {
        "dist": "/nix/store/6y5c1wg3z3xaf7s8ffbjb0a0l8xqypm8-flox-mcp-server-0.2.2-dist",
        "out": "/nix/store/pq350aj4njgjmgylg67ya4dsfg7q4a2j-flox-mcp-server-0.2.2"
      },
      "system": "aarch64-darwin",
      "group": "flox-mcp-server",
      "priority": 5
    }
  ],
  "compose": {
    "composer": {
      "schema-version": "1.12.0",
      "install": {
        "aider-chat": {
          "pkg-path": "aider-chat"
        },
        "bash": {
          "pkg-path": "bash"
        },
        "claude-code": {
          "pkg-path": "flox/claude-code",
          "pkg-group": "claude-code"
        },
        "codex": {
          "pkg-path": "flox/codex",
          "pkg-group": "codex"
        },
        "crush": {
          "pkg-path": "flox/crush",
          "pkg-group": "crush"
        },
        "deepseek-tui": {
          "pkg-path": "flox/deepseek-tui",
          "pkg-group": "deepseek-tui"
        },
        "flox-mcp-server": {
          "pkg-path": "flox/flox-mcp-server",
          "pkg-group": "flox-mcp-server"
        },
        "gawk": {
          "pkg-path": "gawk"
        },
        "gemini-cli": {
          "pkg-path": "flox/gemini-cli",
          "pkg-group": "gemini-cli"
        },
        "git": {
          "pkg-path": "git"
        },
        "gnused": {
          "pkg-path": "gnused"
        },
        "gum": {
          "pkg-path": "gum"
        },
        "hermes-agent": {
          "pkg-path": "flox/hermes-agent",
          "pkg-group": "hermes-agent"
        },
        "jq": {
          "pkg-path": "jq"
        },
        "llamacpp-proxy": {
          "pkg-path": "flox-labs/llamacpp-proxy",
          "pkg-group": "llamacpp-proxy"
        },
        "opencode": {
          "pkg-path": "flox/opencode",
          "pkg-group": "opencode"
        }
      },
      "hook": {
        "on-activate": "  export OLLAMA_HOST=\"${OLLAMA_HOST:-127.0.0.1}\"\n  export OLLAMA_PORT=\"${OLLAMA_PORT:-11434}\"\n  export OPENAI_API_BASE=\"${OPENAI_API_BASE:-http://127.0.0.1:11434/v1}\"\n  export OPENAI_API_KEY=\"${OPENAI_API_KEY:-ollama}\"\n  export OMLX_HOST=\"${OMLX_HOST:-127.0.0.1}\"\n  export OMLX_PORT=\"${OMLX_PORT:-8000}\"\n  export LLAMACPP_PROXY_OLLAMA_LISTEN=\"${LLAMACPP_PROXY_OLLAMA_LISTEN:-127.0.0.1:8081}\"\n  export LLAMACPP_PROXY_GEMINI_OLLAMA_LISTEN=\"${LLAMACPP_PROXY_GEMINI_OLLAMA_LISTEN:-127.0.0.1:8082}\"\n  export LLAMACPP_PROXY_OMLX_LISTEN=\"${LLAMACPP_PROXY_OMLX_LISTEN:-127.0.0.1:8083}\"\n  export LLAMACPP_PROXY_GEMINI_OMLX_LISTEN=\"${LLAMACPP_PROXY_GEMINI_OMLX_LISTEN:-127.0.0.1:8084}\"\n"
      },
      "profile": {
        "common": "  export PATH=\"$FLOX_ENV_PROJECT/bin:$PATH\"\n"
      },
      "options": {},
      "services": {
        "llamacpp-proxy-ollama": {
          "command": "  if [[ \"$(uname -s)\" == \"Darwin\" && \"$(uname -m)\" != \"arm64\" ]]; then\n    echo \"llamacpp-proxy not supported on Intel Mac\" >&2; exit 1\n  fi\n  _ollama=\"${OLLAMA_HOST:-127.0.0.1}:${OLLAMA_PORT:-11434}\"\n  if ! curl -sf --connect-timeout 3 --max-time 5 \"http://${_ollama}/\" >/dev/null 2>&1; then\n    echo \"ollama is not reachable at ${_ollama} — start ollama before this service\" >&2; exit 1\n  fi\n  model=\"$(cat \"${FLOX_ENV_CACHE}/llamacpp-proxy-ollama.model\" 2>/dev/null || true)\"\n  [[ -z \"$model\" ]] && model=\"default\"\n  exec llamacpp-proxy \\\n    --listen \"${LLAMACPP_PROXY_OLLAMA_LISTEN:-127.0.0.1:8081}\" \\\n    --backend \"${OLLAMA_HOST:-127.0.0.1}:${OLLAMA_PORT:-11434}\" \\\n    --backend-model \"$model\" \\\n    --gemini-listen \"${LLAMACPP_PROXY_GEMINI_OLLAMA_LISTEN:-127.0.0.1:8082}\"\n"
        },
        "llamacpp-proxy-omlx": {
          "command": "  if [[ \"$(uname -s)\" == \"Darwin\" && \"$(uname -m)\" != \"arm64\" ]]; then\n    echo \"llamacpp-proxy not supported on Intel Mac\" >&2; exit 1\n  fi\n  # Read key from omlx's own settings file (authoritative source)\n  _api_key=\"$(jq -r '.auth.api_key // empty' \"$HOME/.omlx/settings.json\" 2>/dev/null || true)\"\n  if [[ -z \"$_api_key\" ]]; then\n    echo \"Error: omlx API key not found in ~/.omlx/settings.json — is omlx running?\" >&2; exit 1\n  fi\n  model=\"$(cat \"${FLOX_ENV_CACHE}/llamacpp-proxy-omlx.model\" 2>/dev/null || true)\"\n  [[ -z \"$model\" ]] && model=\"default\"\n  exec llamacpp-proxy \\\n    --listen \"${LLAMACPP_PROXY_OMLX_LISTEN:-127.0.0.1:8083}\" \\\n    --backend \"${OMLX_HOST:-127.0.0.1}:${OMLX_PORT:-8000}\" \\\n    --backend-api-key \"$_api_key\" \\\n    --backend-model \"$model\" \\\n    --gemini-listen \"${LLAMACPP_PROXY_GEMINI_OMLX_LISTEN:-127.0.0.1:8084}\"\n"
        }
      },
      "include": {
        "environments": [
          {
            "remote": "flox-labs/omlx"
          }
        ]
      }
    },
    "include": [
      {
        "manifest": {
          "schema-version": "1.11.0",
          "install": {
            "omlx": {
              "pkg-path": "flox/omlx",
              "pkg-group": "omlx",
              "priority": 6,
              "systems": [
                "aarch64-darwin"
              ]
            }
          },
          "hook": {
            "on-activate": "# Publish the service's bind address (OMLX_HOST / OMLX_PORT) and admin key\n# (OMLX_API_KEY) so consumers and interactive shells can reach it.\n# Override any value at runtime by writing to:\n#   $FLOX_ENV_CACHE/omlx.host       e.g. \"0.0.0.0\"\n#   $FLOX_ENV_CACHE/omlx.port       e.g. \"9001\"\n#   $FLOX_ENV_CACHE/omlx.api-key    enables admin endpoints when set\nexport OMLX_HOST=\"$(cat \"$FLOX_ENV_CACHE/omlx.host\" 2>/dev/null || echo 127.0.0.1)\"\nexport OMLX_PORT=\"$(cat \"$FLOX_ENV_CACHE/omlx.port\" 2>/dev/null || echo 8000)\"\nexport OMLX_API_KEY=\"$(cat \"$FLOX_ENV_CACHE/omlx.api-key\" 2>/dev/null || true)\"\n"
          },
          "options": {
            "systems": [
              "aarch64-darwin"
            ]
          },
          "services": {
            "omlx": {
              "command": "host=\"$(cat \"$FLOX_ENV_CACHE/omlx.host\" 2>/dev/null || echo 127.0.0.1)\"\nport=\"$(cat \"$FLOX_ENV_CACHE/omlx.port\" 2>/dev/null || echo 8000)\"\nkey=\"$(cat \"$FLOX_ENV_CACHE/omlx.api-key\" 2>/dev/null || true)\"\nif [ -n \"$key\" ]; then\n  exec omlx serve --host \"$host\" --port \"$port\" --api-key \"$key\"\nelse\n  exec omlx serve --host \"$host\" --port \"$port\"\nfi\n"
            }
          }
        },
        "name": "omlx",
        "descriptor": {
          "remote": "flox-labs/omlx"
        }
      }
    ],
    "warnings": []
  }
}
